Microsoft Visual Studio Solution File, Format Version 12.00
# Visual Studio Version 17
VisualStudioVersion = 17.13.35828.75
MinimumVisualStudioVersion = 10.0.40219.1
Project("{FAE04EC0-301F-11D3-BF4B-00C04F79EFBC}") = "PhotoViewer.Core", "PhotoViewer.Core\PhotoViewer.Core.csproj", "{AAA98A65-CB10-43FC-A387-2A6DB44E66F4}"
EndProject
Project("{FAE04EC0-301F-11D3-BF4B-00C04F79EFBC}") = "PhotoViewer.WPF", "PhotoViewer.WPF\PhotoViewer.WPF.csproj", "{813BA8EA-678E-48B9-B29B-FB1C674C385F}"
	ProjectSection(ProjectDependencies) = postProject
		{AAA98A65-CB10-43FC-A387-2A6DB44E66F4} = {AAA98A65-CB10-43FC-A387-2A6DB44E66F4}
	EndProjectSection
EndProject
Project("{FAE04EC0-301F-11D3-BF4B-00C04F79EFBC}") = "PhotoViewer.Console", "PhotoViewer.Console\PhotoViewer.Console.csproj", "{D1A4657E-0510-4E94-B4CD-A917679F0497}"
EndProject
Global
	GlobalSection(SolutionConfigurationPlatforms) = preSolution
		Debug|Any CPU = Debug|Any CPU
		Release|Any CPU = Release|Any CPU
	EndGlobalSection
	GlobalSection(ProjectConfigurationPlatforms) = postSolution
		{AAA98A65-CB10-43FC-A387-2A6DB44E66F4}.Debug|Any CPU.ActiveCfg = Debug|Any CPU
		{AAA98A65-CB10-43FC-A387-2A6DB44E66F4}.Debug|Any CPU.Build.0 = Debug|Any CPU
		{AAA98A65-CB10-43FC-A387-2A6DB44E66F4}.Release|Any CPU.ActiveCfg = Release|Any CPU
		{AAA98A65-CB10-43FC-A387-2A6DB44E66F4}.Release|Any CPU.Build.0 = Release|Any CPU
		{813BA8EA-678E-48B9-B29B-FB1C674C385F}.Debug|Any CPU.ActiveCfg = Debug|Any CPU
		{813BA8EA-678E-48B9-B29B-FB1C674C385F}.Debug|Any CPU.Build.0 = Debug|Any CPU
		{813BA8EA-678E-48B9-B29B-FB1C674C385F}.Release|Any CPU.ActiveCfg = Release|Any CPU
		{813BA8EA-678E-48B9-B29B-FB1C674C385F}.Release|Any CPU.Build.0 = Release|Any CPU
		{D1A4657E-0510-4E94-B4CD-A917679F0497}.Debug|Any CPU.ActiveCfg = Debug|Any CPU
		{D1A4657E-0510-4E94-B4CD-A917679F0497}.Debug|Any CPU.Build.0 = Debug|Any CPU
		{D1A4657E-0510-4E94-B4CD-A917679F0497}.Release|Any CPU.ActiveCfg = Release|Any CPU
		{D1A4657E-0510-4E94-B4CD-A917679F0497}.Release|Any CPU.Build.0 = Release|Any CPU
	EndGlobalSection
	GlobalSection(SolutionProperties) = preSolution
		HideSolutionNode = FALSE
	EndGlobalSection
	GlobalSection(ExtensibilityGlobals) = postSolution
		SolutionGuid = {AF5C1958-A767-4F3F-9538-03AD38A59CB9}
	EndGlobalSection
EndGlobal
